
Microsoft Visual Studio Solution File, Format Version 12.00
# Visual Studio Version 17
VisualStudioVersion = 17.7.34009.444
MinimumVisualStudioVersion = 10.0.40219.1
Project("{FAE04EC0-301F-11D3-BF4B-00C04F79EFBC}") = "Bowling", "Bowling\Bowling.csproj", "{2822FF75-6A71-4889-8584-D3487050611D}"
EndProject
Global
	GlobalSection(SolutionConfigurationPlatforms) = preSolution
		Debug|Any CPU = Debug|Any CPU
		Release|Any CPU = Release|Any CPU
	EndGlobalSection
	GlobalSection(ProjectConfigurationPlatforms) = postSolution
		{2822FF75-6A71-4889-8584-D3487050611D}.Debug|Any CPU.ActiveCfg = Debug|Any CPU
		{2822FF75-6A71-4889-8584-D3487050611D}.Debug|Any CPU.Build.0 = Debug|Any CPU
		{2822FF75-6A71-4889-8584-D3487050611D}.Release|Any CPU.ActiveCfg = Release|Any CPU
		{2822FF75-6A71-4889-8584-D3487050611D}.Release|Any CPU.Build.0 = Release|Any CPU
	EndGlobalSection
	GlobalSection(SolutionProperties) = preSolution
		HideSolutionNode = FALSE
	EndGlobalSection
	GlobalSection(ExtensibilityGlobals) = postSolution
		SolutionGuid = {3CADC06D-0839-4DCF-86B2-B544FB924901}
	EndGlobalSection
EndGlobal
