
Microsoft Visual Studio Solution File, Format Version 12.00
# Visual Studio Version 17
VisualStudioVersion = 17.7.34009.444
MinimumVisualStudioVersion = 10.0.40219.1
Project("{FAE04EC0-301F-11D3-BF4B-00C04F79EFBC}") = "Fractal", "Fractal\Fractal.csproj", "{C0FEB96A-F630-4053-BAF7-06F732F98FE6}"
EndProject
Global
	GlobalSection(SolutionConfigurationPlatforms) = preSolution
		Debug|Any CPU = Debug|Any CPU
		Release|Any CPU = Release|Any CPU
	EndGlobalSection
	GlobalSection(ProjectConfigurationPlatforms) = postSolution
		{C0FEB96A-F630-4053-BAF7-06F732F98FE6}.Debug|Any CPU.ActiveCfg = Debug|Any CPU
		{C0FEB96A-F630-4053-BAF7-06F732F98FE6}.Debug|Any CPU.Build.0 = Debug|Any CPU
		{C0FEB96A-F630-4053-BAF7-06F732F98FE6}.Release|Any CPU.ActiveCfg = Release|Any CPU
		{C0FEB96A-F630-4053-BAF7-06F732F98FE6}.Release|Any CPU.Build.0 = Release|Any CPU
	EndGlobalSection
	GlobalSection(SolutionProperties) = preSolution
		HideSolutionNode = FALSE
	EndGlobalSection
	GlobalSection(ExtensibilityGlobals) = postSolution
		SolutionGuid = {2C9AA4C2-A8AB-4433-B213-476AF09806C3}
	EndGlobalSection
EndGlobal
