
Microsoft Visual Studio Solution File, Format Version 12.00
# Visual Studio Version 17
VisualStudioVersion = 17.7.34009.444
MinimumVisualStudioVersion = 10.0.40219.1
Project("{FAE04EC0-301F-11D3-BF4B-00C04F79EFBC}") = "random number monsters", "random number monsters\random number monsters.csproj", "{74F74C22-AAA5-4997-863D-B46E42C14BB0}"
EndProject
Global
	GlobalSection(SolutionConfigurationPlatforms) = preSolution
		Debug|Any CPU = Debug|Any CPU
		Release|Any CPU = Release|Any CPU
	EndGlobalSection
	GlobalSection(ProjectConfigurationPlatforms) = postSolution
		{74F74C22-AAA5-4997-863D-B46E42C14BB0}.Debug|Any CPU.ActiveCfg = Debug|Any CPU
		{74F74C22-AAA5-4997-863D-B46E42C14BB0}.Debug|Any CPU.Build.0 = Debug|Any CPU
		{74F74C22-AAA5-4997-863D-B46E42C14BB0}.Release|Any CPU.ActiveCfg = Release|Any CPU
		{74F74C22-AAA5-4997-863D-B46E42C14BB0}.Release|Any CPU.Build.0 = Release|Any CPU
	EndGlobalSection
	GlobalSection(SolutionProperties) = preSolution
		HideSolutionNode = FALSE
	EndGlobalSection
	GlobalSection(ExtensibilityGlobals) = postSolution
		SolutionGuid = {496815C6-5844-4E2D-A038-858AC60C1D26}
	EndGlobalSection
EndGlobal
