
Microsoft Visual Studio Solution File, Format Version 12.00
# Visual Studio Version 17
VisualStudioVersion = 17.7.34009.444
MinimumVisualStudioVersion = 10.0.40219.1
Project("{FAE04EC0-301F-11D3-BF4B-00C04F79EFBC}") = "Classes pt 1", "Classes pt 1\Classes pt 1.csproj", "{D5025B88-93D7-435E-9571-E74CF01A38D0}"
EndProject
Global
	GlobalSection(SolutionConfigurationPlatforms) = preSolution
		Debug|Any CPU = Debug|Any CPU
		Release|Any CPU = Release|Any CPU
	EndGlobalSection
	GlobalSection(ProjectConfigurationPlatforms) = postSolution
		{D5025B88-93D7-435E-9571-E74CF01A38D0}.Debug|Any CPU.ActiveCfg = Debug|Any CPU
		{D5025B88-93D7-435E-9571-E74CF01A38D0}.Debug|Any CPU.Build.0 = Debug|Any CPU
		{D5025B88-93D7-435E-9571-E74CF01A38D0}.Release|Any CPU.ActiveCfg = Release|Any CPU
		{D5025B88-93D7-435E-9571-E74CF01A38D0}.Release|Any CPU.Build.0 = Release|Any CPU
	EndGlobalSection
	GlobalSection(SolutionProperties) = preSolution
		HideSolutionNode = FALSE
	EndGlobalSection
	GlobalSection(ExtensibilityGlobals) = postSolution
		SolutionGuid = {DC42F9AC-1AB0-4018-901B-FCEA833298C8}
	EndGlobalSection
EndGlobal
