
Microsoft Visual Studio Solution File, Format Version 12.00
# Visual Studio Version 17
VisualStudioVersion = 17.7.34009.444
MinimumVisualStudioVersion = 10.0.40219.1
Project("{FAE04EC0-301F-11D3-BF4B-00C04F79EFBC}") = "Boss Battle", "Boss Battle\Boss Battle.csproj", "{051F44E0-F883-45C4-939E-1185DDE378F5}"
EndProject
Global
	GlobalSection(SolutionConfigurationPlatforms) = preSolution
		Debug|Any CPU = Debug|Any CPU
		Release|Any CPU = Release|Any CPU
	EndGlobalSection
	GlobalSection(ProjectConfigurationPlatforms) = postSolution
		{051F44E0-F883-45C4-939E-1185DDE378F5}.Debug|Any CPU.ActiveCfg = Debug|Any CPU
		{051F44E0-F883-45C4-939E-1185DDE378F5}.Debug|Any CPU.Build.0 = Debug|Any CPU
		{051F44E0-F883-45C4-939E-1185DDE378F5}.Release|Any CPU.ActiveCfg = Release|Any CPU
		{051F44E0-F883-45C4-939E-1185DDE378F5}.Release|Any CPU.Build.0 = Release|Any CPU
	EndGlobalSection
	GlobalSection(SolutionProperties) = preSolution
		HideSolutionNode = FALSE
	EndGlobalSection
	GlobalSection(ExtensibilityGlobals) = postSolution
		SolutionGuid = {6500A4A2-7073-4F7C-BBFB-2299DF35743F}
	EndGlobalSection
EndGlobal
